
Microsoft Visual Studio Solution File, Format Version 12.00
# Visual Studio Version 16
VisualStudioVersion = 16.0.30503.244
MinimumVisualStudioVersion = 10.0.40219.1
Project("{FAE04EC0-301F-11D3-BF4B-00C04F79EFBC}") = "Laba1", "Laba1\Laba1.csproj", "{54F513D1-3B56-4C28-8985-DFE0A70A21EC}"
EndProject
Project("{FAE04EC0-301F-11D3-BF4B-00C04F79EFBC}") = "Laba1.Tests", "Laba1.Tests\Laba1.Tests.csproj", "{636BEF33-468D-4319-B3E6-7CD61DC4C7CB}"
EndProject
Global
	GlobalSection(SolutionConfigurationPlatforms) = preSolution
		Debug|Any CPU = Debug|Any CPU
		Release|Any CPU = Release|Any CPU
	EndGlobalSection
	GlobalSection(ProjectConfigurationPlatforms) = postSolution
		{54F513D1-3B56-4C28-8985-DFE0A70A21EC}.Debug|Any CPU.ActiveCfg = Debug|Any CPU
		{54F513D1-3B56-4C28-8985-DFE0A70A21EC}.Debug|Any CPU.Build.0 = Debug|Any CPU
		{54F513D1-3B56-4C28-8985-DFE0A70A21EC}.Release|Any CPU.ActiveCfg = Release|Any CPU
		{54F513D1-3B56-4C28-8985-DFE0A70A21EC}.Release|Any CPU.Build.0 = Release|Any CPU
		{636BEF33-468D-4319-B3E6-7CD61DC4C7CB}.Debug|Any CPU.ActiveCfg = Debug|Any CPU
		{636BEF33-468D-4319-B3E6-7CD61DC4C7CB}.Debug|Any CPU.Build.0 = Debug|Any CPU
		{636BEF33-468D-4319-B3E6-7CD61DC4C7CB}.Release|Any CPU.ActiveCfg = Release|Any CPU
		{636BEF33-468D-4319-B3E6-7CD61DC4C7CB}.Release|Any CPU.Build.0 = Release|Any CPU
	EndGlobalSection
	GlobalSection(SolutionProperties) = preSolution
		HideSolutionNode = FALSE
	EndGlobalSection
	GlobalSection(ExtensibilityGlobals) = postSolution
		SolutionGuid = {3AF3429C-5642-4846-B479-68478D435616}
	EndGlobalSection
EndGlobal
